{
  "requires": true,
  "lockfileVersion": 1,
  "dependencies": {
    "@fortawesome/vue-fontawesome": {
      "version": "3.0.0-3",
      "resolved": "https://registry.npmjs.org/@fortawesome/vue-fontawesome/-/vue-fontawesome-3.0.0-3.tgz",
      "integrity": "sha512-fCM7+R9M7Y/ipKC5n9hukGpJHhe53JOENGqtku/KWtpXsnbGik3AS5zfJYEupV2uXOw/5S0RSSfttQ2hNIrmFA=="
    }
  }
}
